SITE
  remote: https://supermarket.getchef.com/api/v1
  specs:
    7-zip (1.0.2)
      windows (>= 1.2.2)
    apt (2.6.1)
    ark (0.9.0)
      7-zip (>= 0.0.0)
      windows (>= 0.0.0)
    bluepill (2.3.1)
      rsyslog (>= 0.0.0)
    build-essential (2.2.0)
    chef_gem (0.1.0)
    chef_handler (1.1.6)
    imagemagick (0.2.3)
    mysql (5.6.1)
      yum-mysql-community (>= 0.0.0)
    nginx (2.7.6)
      apt (~> 2.2)
      bluepill (~> 2.3)
      build-essential (~> 2.0)
      ohai (~> 2.0)
      runit (~> 1.2)
      yum-epel (~> 0.3)
    nodejs (2.2.0)
      apt (>= 0.0.0)
      ark (>= 0.0.0)
      build-essential (>= 0.0.0)
      yum-epel (>= 0.0.0)
    ohai (2.0.1)
    redisio (2.2.4)
      build-essential (>= 0.0.0)
      ulimit (>= 0.1.2)
    rsyslog (1.15.0)
    runit (1.5.18)
      build-essential (>= 0.0.0)
      yum (~> 3.0)
      yum-epel (>= 0.0.0)
    sudo (2.7.1)
    ulimit (0.3.3)
    user (0.3.0)
    windows (1.36.6)
      chef_handler (>= 0.0.0)
    yum (3.5.3)
    yum-epel (0.6.0)
      yum (~> 3.0)
    yum-mysql-community (0.1.14)
      yum (>= 3.0)

GIT
  remote: https://github.com/fnichol/chef-git.git
  ref: master
  sha: 6c19cbefcdad5ec0f62a64dae1f656d660698ea3
  specs:
    git (0.9.0)
      runit (>= 0.0.0)

GIT
  remote: https://github.com/hw-cookbooks/locale
  ref: master
  sha: 82b365ba140fe303a5c137aa4a7cc1ad44791bf4
  specs:
    locale (1.0.3)

GIT
  remote: https://github.com/martinisoft/chef-rvm
  ref: v0.9.2
  sha: dd58087e7399097a9b9df4e2e7235908aace2afd
  specs:
    rvm (0.9.2)
      chef_gem (>= 0.0.0)

DEPENDENCIES
  apt (>= 0)
  build-essential (>= 0)
  git (>= 0)
  imagemagick (>= 0)
  locale (>= 0)
  mysql (= 5.6.1)
  nginx (>= 0)
  nodejs (>= 0)
  redisio (>= 0)
  rvm (>= 0)
  sudo (>= 0)
  user (>= 0)

