SITE
  remote: https://supermarket.getchef.com/api/v1
  specs:
    7-zip (1.0.2)
      windows (>= 1.2.2)
    apt (2.3.8)
    ark (0.9.0)
      7-zip (>= 0.0.0)
      windows (>= 0.0.0)
    bluepill (2.3.1)
      rsyslog (>= 0.0.0)
    build-essential (1.4.2)
    chef_gem (0.1.0)
    chef_handler (1.1.6)
    imagemagick (0.2.3)
    java (1.31.0)
    nginx (2.4.2)
      apt (~> 2.2)
      bluepill (~> 2.3)
      build-essential (~> 1.4)
      ohai (~> 1.1)
      runit (~> 1.2)
      yum (~> 3.0)
      yum-epel (>= 0.0.0)
    nodejs (2.2.0)
      apt (>= 0.0.0)
      ark (>= 0.0.0)
      build-essential (>= 0.0.0)
      yum-epel (>= 0.0.0)
    ohai (1.1.12)
    redisio (2.2.4)
      build-essential (>= 0.0.0)
      ulimit (>= 0.1.2)
    rsyslog (1.12.2)
    runit (1.5.8)
      build-essential (>= 0.0.0)
      yum (~> 3.0)
      yum-epel (>= 0.0.0)
    solr (0.3.0)
      apt (>= 0.0.0)
      java (>= 0.0.0)
    sudo (2.5.2)
    ulimit (0.3.2)
    user (0.3.0)
    windows (1.34.8)
      chef_handler (>= 0.0.0)
    yum (3.1.2)
    yum-epel (0.3.4)
      yum (~> 3.0)

GIT
  remote: https://github.com/fnichol/chef-git.git
  ref: master
  sha: 6c19cbefcdad5ec0f62a64dae1f656d660698ea3
  specs:
    git (0.9.0)
      runit (>= 0.0.0)

GIT
  remote: https://github.com/fnichol/chef-rvm
  ref: master
  sha: 87f58d428c160337c1581ed1130a1a53d94e5126
  specs:
    rvm (0.9.1)
      chef_gem (>= 0.0.0)

GIT
  remote: https://github.com/hw-cookbooks/locale
  ref: master
  sha: 297c012e5468d9c39c292791b6c22b38271a17c7
  specs:
    locale (1.0.0)

GIT
  remote: https://github.com/phlipper/chef-postgresql
  ref: master
  sha: 4ed030dd3f6c770dd0f6a7a9bdc20f48ede448e0
  specs:
    postgresql (0.14.1)
      apt (>= 1.9.0)

DEPENDENCIES
  apt (>= 0)
  build-essential (>= 0)
  git (>= 0)
  imagemagick (>= 0)
  locale (>= 0)
  nginx (= 2.4.2)
  nodejs (~> 2.2.0)
  postgresql (>= 0)
  redisio (>= 0)
  rvm (>= 0)
  solr (~> 0.3.0)
  sudo (>= 0)
  user (>= 0)

